{
  "object": {
    "pins": [
      {
        "package": "abseil",
        "repositoryURL": "https://github.com/firebase/abseil-cpp-SwiftPM.git",
        "state": {
          "branch": null,
          "revision": "fffc3c2729be5747390ad02d5100291a0d9ad26a",
          "version": "0.20200225.4"
        }
      },
      {
        "package": "Alamofire",
        "repositoryURL": "https://github.com/Alamofire/Alamofire.git",
        "state": {
          "branch": null,
          "revision": "f96b619bcb2383b43d898402283924b80e2c4bae",
          "version": "5.4.3"
        }
      },
      {
        "package": "AlamofireNetworkActivityLogger",
        "repositoryURL": "https://github.com/uypanha/AlamofireNetworkActivityLogger",
        "state": {
          "branch": "master",
          "revision": "357d7ee290ad6568eceecac8d733823b6dfceb91",
          "version": null
        }
      },
      {
        "package": "AnyCodable",
        "repositoryURL": "https://github.com/Flight-School/AnyCodable.git",
        "state": {
          "branch": null,
          "revision": "396ccc3dba5bdee04c1e742e7fab40582861401e",
          "version": null
        }
      },
      {
        "package": "BoringSSL-GRPC",
        "repositoryURL": "https://github.com/firebase/boringssl-SwiftPM.git",
        "state": {
          "branch": null,
          "revision": "734a8247442fde37df4364c21f6a0085b6a36728",
          "version": "0.7.2"
        }
      },
      {
        "package": "CountryPicker",
        "repositoryURL": "https://github.com/SURYAKANTSHARMA/CountryPicker.git",
        "state": {
          "branch": null,
          "revision": "fa4757cb3f090447082f5dffb5db887bc181f6a9",
          "version": "1.3.2"
        }
      },
      {
        "package": "Firebase",
        "repositoryURL": "https://github.com/firebase/firebase-ios-sdk.git",
        "state": {
          "branch": null,
          "revision": "d28849cb12de765d013b7222123bd3b8ae8c4f0a",
          "version": "8.6.0"
        }
      },
      {
        "package": "FlagKit",
        "repositoryURL": "https://github.com/madebybowtie/FlagKit.git",
        "state": {
          "branch": null,
          "revision": "f12111d91902d23fd1d9cc7ad9198030b049795d",
          "version": "2.4.0"
        }
      },
      {
        "package": "GoogleAppMeasurement",
        "repositoryURL": "https://github.com/google/GoogleAppMeasurement.git",
        "state": {
          "branch": null,
          "revision": "06e74ef7ee7326e1af724d462091eed1e5c6fb4a",
          "version": "8.3.1"
        }
      },
      {
        "package": "GoogleDataTransport",
        "repositoryURL": "https://github.com/google/GoogleDataTransport.git",
        "state": {
          "branch": null,
          "revision": "9e79fd8deddbef5646fbb5dbb3eaf963e338f007",
          "version": "9.1.0"
        }
      },
      {
        "package": "GoogleUtilities",
        "repositoryURL": "https://github.com/google/GoogleUtilities.git",
        "state": {
          "branch": null,
          "revision": "2e364ff22e952c3bcb202263a9a0d26e46c1b172",
          "version": "7.5.1"
        }
      },
      {
        "package": "gRPC",
        "repositoryURL": "https://github.com/firebase/grpc-SwiftPM.git",
        "state": {
          "branch": null,
          "revision": "fb405dd2c7901485f7e158b24e3a0a47e4efd8b5",
          "version": "1.28.4"
        }
      },
      {
        "package": "GTMSessionFetcher",
        "repositoryURL": "https://github.com/google/gtm-session-fetcher.git",
        "state": {
          "branch": null,
          "revision": "424886f9336a71891aa81852d0c2c08d807d21aa",
          "version": "1.6.1"
        }
      },
      {
        "package": "Kingfisher",
        "repositoryURL": "https://github.com/onevcat/Kingfisher.git",
        "state": {
          "branch": null,
          "revision": "1a0c2df04b31ed7aa318354f3583faea24f006fc",
          "version": "5.15.8"
        }
      },
      {
        "package": "leveldb",
        "repositoryURL": "https://github.com/firebase/leveldb.git",
        "state": {
          "branch": null,
          "revision": "0706abcc6b0bd9cedfbb015ba840e4a780b5159b",
          "version": "1.22.2"
        }
      },
      {
        "package": "Logger",
        "repositoryURL": "https://github.com/shibapm/Logger",
        "state": {
          "branch": null,
          "revision": "53c3ecca5abe8cf46697e33901ee774236d94cce",
          "version": "0.2.3"
        }
      },
      {
        "package": "Moya",
        "repositoryURL": "https://github.com/uypanha/Moya.git",
        "state": {
          "branch": "master",
          "revision": "84973a360e5a25dc5280d6a1307a723b1b93c6df",
          "version": null
        }
      },
      {
        "package": "nanopb",
        "repositoryURL": "https://github.com/firebase/nanopb.git",
        "state": {
          "branch": null,
          "revision": "7ee9ef9f627d85cbe1b8c4f49a3ed26eed216c77",
          "version": "2.30908.0"
        }
      },
      {
        "package": "Nimble",
        "repositoryURL": "https://github.com/Quick/Nimble.git",
        "state": {
          "branch": null,
          "revision": "7a46a5fc86cb917f69e3daf79fcb045283d8f008",
          "version": "8.1.2"
        }
      },
      {
        "package": "OHHTTPStubs",
        "repositoryURL": "https://github.com/AliSoftware/OHHTTPStubs.git",
        "state": {
          "branch": null,
          "revision": "12f19662426d0434d6c330c6974d53e2eb10ecd9",
          "version": "9.1.0"
        }
      },
      {
        "package": "OrderedDictionary",
        "repositoryURL": "https://github.com/jnordberg/OrderedDictionary.git",
        "state": {
          "branch": "swiftpm",
          "revision": "e59b03776804b99a5e17469f98752673e46d781e",
          "version": null
        }
      },
      {
        "package": "PackageConfig",
        "repositoryURL": "https://github.com/shibapm/PackageConfig.git",
        "state": {
          "branch": null,
          "revision": "bf90dc69fa0792894b08a0b74cf34029694ae486",
          "version": "0.13.0"
        }
      },
      {
        "package": "Promises",
        "repositoryURL": "https://github.com/google/promises.git",
        "state": {
          "branch": null,
          "revision": "611337c330350c9c1823ad6d671e7f936af5ee13",
          "version": "2.0.0"
        }
      },
      {
        "package": "Quick",
        "repositoryURL": "https://github.com/Quick/Quick.git",
        "state": {
          "branch": null,
          "revision": "09b3becb37cb2163919a3842a4c5fa6ec7130792",
          "version": "2.2.1"
        }
      },
      {
        "package": "Reachability",
        "repositoryURL": "https://github.com/ashleymills/Reachability.swift",
        "state": {
          "branch": null,
          "revision": "c01bbdf2d633cf049ae1ed1a68a2020a8bda32e2",
          "version": "5.1.0"
        }
      },
      {
        "package": "ReactiveSwift",
        "repositoryURL": "https://github.com/Moya/ReactiveSwift.git",
        "state": {
          "branch": null,
          "revision": "f195d82bb30e412e70446e2b4a77e1b514099e88",
          "version": "6.1.0"
        }
      },
      {
        "package": "Realm",
        "repositoryURL": "https://github.com/realm/realm-cocoa.git",
        "state": {
          "branch": null,
          "revision": "7a3e25994d4d917efe30fa4496775d3f024b71b6",
          "version": "10.13.0"
        }
      },
      {
        "package": "RealmDatabase",
        "repositoryURL": "https://github.com/realm/realm-core",
        "state": {
          "branch": null,
          "revision": "9a7d09994e85b7eda8e3553b444bcfef6ec3f9ea",
          "version": "11.3.0"
        }
      },
      {
        "package": "Rocket",
        "repositoryURL": "https://github.com/shibapm/Rocket",
        "state": {
          "branch": null,
          "revision": "51a77ce5fa66c42715c14dcc542c01cd7a60fb27",
          "version": "1.2.0"
        }
      },
      {
        "package": "RxAlamofire",
        "repositoryURL": "https://github.com/RxSwiftCommunity/RxAlamofire",
        "state": {
          "branch": null,
          "revision": "9535b58695b91fb67f56d58d6fd0c76462d7743a",
          "version": "6.1.2"
        }
      },
      {
        "package": "RxBinding",
        "repositoryURL": "https://github.com/RxSwiftCommunity/RxBinding",
        "state": {
          "branch": "master",
          "revision": "26e7f1816c11f9a1f0d9d9bad7b06be16e61a6cf",
          "version": null
        }
      },
      {
        "package": "RxDataSources",
        "repositoryURL": "https://github.com/RxSwiftCommunity/RxDataSources",
        "state": {
          "branch": null,
          "revision": "e4627ac4f5a8dc10719030561801825c443acfec",
          "version": "5.0.1"
        }
      },
      {
        "package": "RxKeyboard",
        "repositoryURL": "https://github.com/RxSwiftCommunity/RxKeyboard",
        "state": {
          "branch": null,
          "revision": "085fd99d7bb4f98e671904fcfe7ff561e66574ad",
          "version": "2.0.0"
        }
      },
      {
        "package": "RxKingfisher",
        "repositoryURL": "https://github.com/RxSwiftCommunity/RxKingfisher",
        "state": {
          "branch": null,
          "revision": "5f195d1c9a21e3ca930d1bfef24335c8b752ea64",
          "version": "2.1.0"
        }
      },
      {
        "package": "RxReachability",
        "repositoryURL": "https://github.com/RxSwiftCommunity/RxReachability",
        "state": {
          "branch": null,
          "revision": "8087d7154796406c8981961858b31324743311cf",
          "version": "1.2.1"
        }
      },
      {
        "package": "RxRealm",
        "repositoryURL": "https://github.com/RxSwiftCommunity/RxRealm",
        "state": {
          "branch": null,
          "revision": "73b8d93bddb5b1c012ae96f1f3858d5c720dea1b",
          "version": "5.0.2"
        }
      },
      {
        "package": "RxSwift",
        "repositoryURL": "https://github.com/ReactiveX/RxSwift.git",
        "state": {
          "branch": null,
          "revision": "7c17a6ccca06b5c107cfa4284e634562ddaf5951",
          "version": "6.2.0"
        }
      },
      {
        "package": "SnapKit",
        "repositoryURL": "https://github.com/SnapKit/SnapKit.git",
        "state": {
          "branch": null,
          "revision": "d458564516e5676af9c70b4f4b2a9178294f1bc6",
          "version": "5.0.1"
        }
      },
      {
        "package": "SwiftProtobuf",
        "repositoryURL": "https://github.com/apple/swift-protobuf.git",
        "state": {
          "branch": null,
          "revision": "1f62db409f2c9b0223a3f68567b4a01333aae778",
          "version": "1.17.0"
        }
      },
      {
        "package": "Steem",
        "repositoryURL": "https://github.com/steemit/swift-steem.git",
        "state": {
          "branch": "master",
          "revision": "c950812b70e72f7de4725a9e98bd3c2e0dd1227d",
          "version": null
        }
      },
      {
        "package": "SwiftShell",
        "repositoryURL": "https://github.com/kareman/SwiftShell",
        "state": {
          "branch": null,
          "revision": "a6014fe94c3dbff0ad500e8da4f251a5d336530b",
          "version": "5.1.0-beta.1"
        }
      },
      {
        "package": "Then",
        "repositoryURL": "https://github.com/devxoul/Then",
        "state": {
          "branch": null,
          "revision": "e421a7b3440a271834337694e6050133a3958bc7",
          "version": "2.7.0"
        }
      },
      {
        "package": "Yams",
        "repositoryURL": "https://github.com/jpsim/Yams",
        "state": {
          "branch": null,
          "revision": "9ff1cc9327586db4e0c8f46f064b6a82ec1566fa",
          "version": "4.0.6"
        }
      }
    ]
  },
  "version": 1
}
