{
  "object": {
    "pins": [
      {
        "package": "AnyCodable",
        "repositoryURL": "https://github.com/Flight-School/AnyCodable.git",
        "state": {
          "branch": null,
          "revision": "396ccc3dba5bdee04c1e742e7fab40582861401e",
          "version": null
        }
      },
      {
        "package": "CountryPicker",
        "repositoryURL": "https://github.com/SURYAKANTSHARMA/CountryPicker.git",
        "state": {
          "branch": null,
          "revision": "fa4757cb3f090447082f5dffb5db887bc181f6a9",
          "version": "1.3.2"
        }
      },
      {
        "package": "OrderedDictionary",
        "repositoryURL": "https://github.com/jnordberg/OrderedDictionary.git",
        "state": {
          "branch": "swiftpm",
          "revision": "e59b03776804b99a5e17469f98752673e46d781e",
          "version": null
        }
      },
      {
        "package": "Steem",
        "repositoryURL": "https://github.com/steemit/swift-steem.git",
        "state": {
          "branch": "master",
          "revision": "c950812b70e72f7de4725a9e98bd3c2e0dd1227d",
          "version": null
        }
      }
    ]
  },
  "version": 1
}
